Microsoft Visual Studio Solution File, Format Version 12.00
# Visual Studio Version 17
VisualStudioVersion = 17.5.2.0
MinimumVisualStudioVersion = 10.0.40219.1
Project("{FAE04EC0-301F-11D3-BF4B-00C04F79EFBC}") = "Lezione-S1-D3", "Lezione-S1-D3\Lezione-S1-D3.csproj", "{7D6C03A1-696E-7F56-4158-D2912E4F0BCD}"
EndProject
Global
	GlobalSection(SolutionConfigurationPlatforms) = preSolution
		Debug|Any CPU = Debug|Any CPU
		Release|Any CPU = Release|Any CPU
	EndGlobalSection
	GlobalSection(ProjectConfigurationPlatforms) = postSolution
		{7D6C03A1-696E-7F56-4158-D2912E4F0BCD}.Debug|Any CPU.ActiveCfg = Debug|Any CPU
		{7D6C03A1-696E-7F56-4158-D2912E4F0BCD}.Debug|Any CPU.Build.0 = Debug|Any CPU
		{7D6C03A1-696E-7F56-4158-D2912E4F0BCD}.Release|Any CPU.ActiveCfg = Release|Any CPU
		{7D6C03A1-696E-7F56-4158-D2912E4F0BCD}.Release|Any CPU.Build.0 = Release|Any CPU
	EndGlobalSection
	GlobalSection(SolutionProperties) = preSolution
		HideSolutionNode = FALSE
	EndGlobalSection
	GlobalSection(ExtensibilityGlobals) = postSolution
		SolutionGuid = {739B3018-5C42-4A7F-8A34-CBD7314037D7}
	EndGlobalSection
EndGlobal
