Microsoft Visual Studio Solution File, Format Version 12.00
# Visual Studio Version 17
VisualStudioVersion = 17.5.2.0
MinimumVisualStudioVersion = 10.0.40219.1
Project("{FAE04EC0-301F-11D3-BF4B-00C04F79EFBC}") = "Lezione-W3-D3", "Lezione-W3-D3.csproj", "{1D46B1D0-2D31-D589-CC1E-9AB7C327BFFB}"
EndProject
Global
	GlobalSection(SolutionConfigurationPlatforms) = preSolution
		Debug|Any CPU = Debug|Any CPU
		Release|Any CPU = Release|Any CPU
	EndGlobalSection
	GlobalSection(ProjectConfigurationPlatforms) = postSolution
		{1D46B1D0-2D31-D589-CC1E-9AB7C327BFFB}.Debug|Any CPU.ActiveCfg = Debug|Any CPU
		{1D46B1D0-2D31-D589-CC1E-9AB7C327BFFB}.Debug|Any CPU.Build.0 = Debug|Any CPU
		{1D46B1D0-2D31-D589-CC1E-9AB7C327BFFB}.Release|Any CPU.ActiveCfg = Release|Any CPU
		{1D46B1D0-2D31-D589-CC1E-9AB7C327BFFB}.Release|Any CPU.Build.0 = Release|Any CPU
	EndGlobalSection
	GlobalSection(SolutionProperties) = preSolution
		HideSolutionNode = FALSE
	EndGlobalSection
	GlobalSection(ExtensibilityGlobals) = postSolution
		SolutionGuid = {35660E6B-A930-4C43-9A5A-18429EEB23E9}
	EndGlobalSection
EndGlobal
