Microsoft Visual Studio Solution File, Format Version 12.00
# Visual Studio Version 17
VisualStudioVersion = 17.5.2.0
MinimumVisualStudioVersion = 10.0.40219.1
Project("{FAE04EC0-301F-11D3-BF4B-00C04F79EFBC}") = "Lezione-W4-D1", "Lezione-W4-D1.csproj", "{D5CA6F5D-8D59-59FC-6BFF-C704B07C817E}"
EndProject
Global
	GlobalSection(SolutionConfigurationPlatforms) = preSolution
		Debug|Any CPU = Debug|Any CPU
		Release|Any CPU = Release|Any CPU
	EndGlobalSection
	GlobalSection(ProjectConfigurationPlatforms) = postSolution
		{D5CA6F5D-8D59-59FC-6BFF-C704B07C817E}.Debug|Any CPU.ActiveCfg = Debug|Any CPU
		{D5CA6F5D-8D59-59FC-6BFF-C704B07C817E}.Debug|Any CPU.Build.0 = Debug|Any CPU
		{D5CA6F5D-8D59-59FC-6BFF-C704B07C817E}.Release|Any CPU.ActiveCfg = Release|Any CPU
		{D5CA6F5D-8D59-59FC-6BFF-C704B07C817E}.Release|Any CPU.Build.0 = Release|Any CPU
	EndGlobalSection
	GlobalSection(SolutionProperties) = preSolution
		HideSolutionNode = FALSE
	EndGlobalSection
	GlobalSection(ExtensibilityGlobals) = postSolution
		SolutionGuid = {192C40DA-4C45-4C50-955D-E45B5E6BD455}
	EndGlobalSection
EndGlobal
